
Microsoft Visual Studio Solution File, Format Version 12.00
# Visual Studio Version 17
VisualStudioVersion = 17.8.34322.80
MinimumVisualStudioVersion = 10.0.40219.1
Project("{FAE04EC0-301F-11D3-BF4B-00C04F79EFBC}") = "FlatLine", "FlatLine\FlatLine.csproj", "{B89CE681-E700-4F44-AB8A-D1BCB7DDC17E}"
EndProject
Global
	GlobalSection(SolutionConfigurationPlatforms) = preSolution
		Debug|Any CPU = Debug|Any CPU
		Release|Any CPU = Release|Any CPU
	EndGlobalSection
	GlobalSection(ProjectConfigurationPlatforms) = postSolution
		{B89CE681-E700-4F44-AB8A-D1BCB7DDC17E}.Debug|Any CPU.ActiveCfg = Debug|Any CPU
		{B89CE681-E700-4F44-AB8A-D1BCB7DDC17E}.Debug|Any CPU.Build.0 = Debug|Any CPU
		{B89CE681-E700-4F44-AB8A-D1BCB7DDC17E}.Release|Any CPU.ActiveCfg = Release|Any CPU
		{B89CE681-E700-4F44-AB8A-D1BCB7DDC17E}.Release|Any CPU.Build.0 = Release|Any CPU
	EndGlobalSection
	GlobalSection(SolutionProperties) = preSolution
		HideSolutionNode = FALSE
	EndGlobalSection
	GlobalSection(ExtensibilityGlobals) = postSolution
		SolutionGuid = {1C36978C-ED52-4D82-8D75-83FB40D60802}
	EndGlobalSection
EndGlobal
